{
  "version": 4,
  "terraform_version": "1.2.3",
  "serial": 356,
  "lineage": "576f9650-36d4-8bc7-4dea-61d58f6bcbc3",
  "outputs": {},
  "resources": [
    {
      "module": "module.vpc",
      "mode": "managed",
      "type": "aws_eip",
      "name": "nat_gateway",
      "provider": "provider[\"registry.terraform.io/hashicorp/aws\"]",
      "instances": [
        {
          "schema_version": 0,
          "attributes": {
            "address": null,
            "allocation_id": "eipalloc-02ac699e053154560",
            "arn": "arn:aws:ec2:ap-southeast-1:676206940533:elastic-ip/eipalloc-02ac699e053154560",
            "associate_with_private_ip": null,
            "association_id": "eipassoc-0bf051ed4371b1939",
            "carrier_ip": "",
            "customer_owned_ip": "",
            "customer_owned_ipv4_pool": "",
            "domain": "vpc",
            "id": "eipalloc-02ac699e053154560",
            "instance": "",
            "ipam_pool_id": null,
            "network_border_group": "ap-southeast-1",
            "network_interface": "eni-0fca812d593150e9e",
            "private_dns": "ip-10-0-4-60.ap-southeast-1.compute.internal",
            "private_ip": "10.0.4.60",
            "ptr_record": "",
            "public_dns": "ec2-54-255-39-76.ap-southeast-1.compute.amazonaws.com",
            "public_ip": "54.255.39.76",
            "public_ipv4_pool": "amazon",
            "tags": {
              "Environment": "staging",
              "Name": "my-project-staging-nat-eip"
            },
            "tags_all": {
              "Environment": "staging",
              "Name": "my-project-staging-nat-eip"
            },
            "timeouts": null,
            "vpc": true
          },
          "sensitive_attributes": [],
          "private": "eyJlMmJmYjczMC1lY2FhLTExZTYtOGY4OC0zNDM2M2JjN2M0YzAiOnsiZGVsZXRlIjoxODAwMDAwMDAwMDAsInJlYWQiOjkwMDAwMDAwMDAwMCwidXBkYXRlIjozMDAwMDAwMDAwMDB9fQ=="
        }
      ]
    }
  ]
}
